
Microsoft Visual Studio Solution File, Format Version 12.00
# Visual Studio Version 17
VisualStudioVersion = 17.8.34511.84
MinimumVisualStudioVersion = 10.0.40219.1
Project("{FAE04EC0-301F-11D3-BF4B-00C04F79EFBC}") = "TestTemplate_WPFCoreMVVM", "TestTemplate_WPFCoreMVVM\TestTemplate_WPFCoreMVVM.csproj", "{0B49A383-83E8-4AA5-B3D7-56C6B48D3B5F}"
EndProject
Global
	GlobalSection(SolutionConfigurationPlatforms) = preSolution
		Debug|Any CPU = Debug|Any CPU
		Release|Any CPU = Release|Any CPU
	EndGlobalSection
	GlobalSection(ProjectConfigurationPlatforms) = postSolution
		{0B49A383-83E8-4AA5-B3D7-56C6B48D3B5F}.Debug|Any CPU.ActiveCfg = Debug|Any CPU
		{0B49A383-83E8-4AA5-B3D7-56C6B48D3B5F}.Debug|Any CPU.Build.0 = Debug|Any CPU
		{0B49A383-83E8-4AA5-B3D7-56C6B48D3B5F}.Release|Any CPU.ActiveCfg = Release|Any CPU
		{0B49A383-83E8-4AA5-B3D7-56C6B48D3B5F}.Release|Any CPU.Build.0 = Release|Any CPU
	EndGlobalSection
	GlobalSection(SolutionProperties) = preSolution
		HideSolutionNode = FALSE
	EndGlobalSection
	GlobalSection(ExtensibilityGlobals) = postSolution
		SolutionGuid = {00BC459B-9833-4428-8BBF-B1A410467974}
	EndGlobalSection
EndGlobal
